
Microsoft Visual Studio Solution File, Format Version 12.00
# Visual Studio Version 18
VisualStudioVersion = 18.0.11201.2 d18.0
MinimumVisualStudioVersion = 10.0.40219.1
Project("{FAE04EC0-301F-11D3-BF4B-00C04F79EFBC}") = "Site", "Site\Site.csproj", "{BD315A9A-BF1B-422A-9C17-B805E69437D3}"
EndProject
Project("{FAE04EC0-301F-11D3-BF4B-00C04F79EFBC}") = "Kjac.SearchProvider.Elasticsearch", "Kjac.SearchProvider.Elasticsearch\Kjac.SearchProvider.Elasticsearch.csproj", "{729A2302-F27E-00C9-4FBB-1DA410379D5F}"
EndProject
Global
	GlobalSection(SolutionConfigurationPlatforms) = preSolution
		Debug|Any CPU = Debug|Any CPU
		Release|Any CPU = Release|Any CPU
	EndGlobalSection
	GlobalSection(ProjectConfigurationPlatforms) = postSolution
		{BD315A9A-BF1B-422A-9C17-B805E69437D3}.Debug|Any CPU.ActiveCfg = Debug|Any CPU
		{BD315A9A-BF1B-422A-9C17-B805E69437D3}.Debug|Any CPU.Build.0 = Debug|Any CPU
		{BD315A9A-BF1B-422A-9C17-B805E69437D3}.Release|Any CPU.ActiveCfg = Release|Any CPU
		{BD315A9A-BF1B-422A-9C17-B805E69437D3}.Release|Any CPU.Build.0 = Release|Any CPU
		{729A2302-F27E-00C9-4FBB-1DA410379D5F}.Debug|Any CPU.ActiveCfg = Debug|Any CPU
		{729A2302-F27E-00C9-4FBB-1DA410379D5F}.Debug|Any CPU.Build.0 = Debug|Any CPU
		{729A2302-F27E-00C9-4FBB-1DA410379D5F}.Release|Any CPU.ActiveCfg = Release|Any CPU
		{729A2302-F27E-00C9-4FBB-1DA410379D5F}.Release|Any CPU.Build.0 = Release|Any CPU
	EndGlobalSection
	GlobalSection(SolutionProperties) = preSolution
		HideSolutionNode = FALSE
	EndGlobalSection
	GlobalSection(ExtensibilityGlobals) = postSolution
		SolutionGuid = {8638C41E-0F54-4BE8-8239-C40D0E6B37C4}
	EndGlobalSection
EndGlobal
